// !$*UTF8*$!
{
	archiveVersion = 1;
	classes = {
	};
	objectVersion = 46;
	objects = {

/* Begin PBXBuildFile section */
		93958DB41DDEF8030089E1B9 /* main.swift in Sources */ = {isa = PBXBuildFile; fileRef = 93958DB31DDEF8030089E1B9 /* main.swift */; };
		93958DBC1DDEFEC80089E1B9 /* UIStoryboardExtensionTests.swift in Sources */ = {isa = PBXBuildFile; fileRef = 93958DBB1DDEFEC80089E1B9 /* UIStoryboardExtensionTests.swift */; };
		93958DBE1DDF03800089E1B9 /* Wireframe.swift in Sources */ = {isa = PBXBuildFile; fileRef = 93958DBD1DDF03800089E1B9 /* Wireframe.swift */; };
		93958DC11DDF039C0089E1B9 /* WireframeTests.swift in Sources */ = {isa = PBXBuildFile; fileRef = 93958DC01DDF039C0089E1B9 /* WireframeTests.swift */; };
		93958DC31DDF04590089E1B9 /* UIView+HeaderFooterView.swift in Sources */ = {isa = PBXBuildFile; fileRef = 93958DC21DDF04590089E1B9 /* UIView+HeaderFooterView.swift */; };
		93958DC51DDF04830089E1B9 /* UIStoryboard+Controllers.swift in Sources */ = {isa = PBXBuildFile; fileRef = 93958DC41DDF04830089E1B9 /* UIStoryboard+Controllers.swift */; };
		93958DC71DDF05500089E1B9 /* UIViewExtensionTests.swift in Sources */ = {isa = PBXBuildFile; fileRef = 93958DC61DDF05500089E1B9 /* UIViewExtensionTests.swift */; };
		93958DC91DDF08F80089E1B9 /* UILabel+extension.swift in Sources */ = {isa = PBXBuildFile; fileRef = 93958DC81DDF08F80089E1B9 /* UILabel+extension.swift */; };
		93958DCB1DDF09AA0089E1B9 /* UILabelExtensionTests.swift in Sources */ = {isa = PBXBuildFile; fileRef = 93958DCA1DDF09AA0089E1B9 /* UILabelExtensionTests.swift */; };
		93958DCD1DDF0ACE0089E1B9 /* UIColor+CustomColors.swift in Sources */ = {isa = PBXBuildFile; fileRef = 93958DCC1DDF0ACE0089E1B9 /* UIColor+CustomColors.swift */; };
		93958DD01DDF17E80089E1B9 /* WeatherTableViewControllerTests.swift in Sources */ = {isa = PBXBuildFile; fileRef = 93958DCF1DDF17E80089E1B9 /* WeatherTableViewControllerTests.swift */; };
		93958DD21DE04B5F0089E1B9 /* WeatherViewType.swift in Sources */ = {isa = PBXBuildFile; fileRef = 93958DD11DE04B5F0089E1B9 /* WeatherViewType.swift */; };
		93958DD41DE04BB50089E1B9 /* WeatherEventHandlerType.swift in Sources */ = {isa = PBXBuildFile; fileRef = 93958DD31DE04BB50089E1B9 /* WeatherEventHandlerType.swift */; };
		93958DD71DE04E020089E1B9 /* WeatherViewTypeSpy.swift in Sources */ = {isa = PBXBuildFile; fileRef = 93958DD61DE04E020089E1B9 /* WeatherViewTypeSpy.swift */; };
		93958DD91DE0FD620089E1B9 /* WeatherInteractor.swift in Sources */ = {isa = PBXBuildFile; fileRef = 93958DD81DE0FD620089E1B9 /* WeatherInteractor.swift */; };
		93958DDB1DE104CB0089E1B9 /* WeatherInteractorTests.swift in Sources */ = {isa = PBXBuildFile; fileRef = 93958DDA1DE104CB0089E1B9 /* WeatherInteractorTests.swift */; };
		93958DDD1DE1070F0089E1B9 /* EventHandlerSpy.swift in Sources */ = {isa = PBXBuildFile; fileRef = 93958DDC1DE1070F0089E1B9 /* EventHandlerSpy.swift */; };
		93958DDF1DE10FDA0089E1B9 /* WeatherInteractorSpy.swift in Sources */ = {isa = PBXBuildFile; fileRef = 93958DDE1DE10FDA0089E1B9 /* WeatherInteractorSpy.swift */; };
		93958DE11DE110040089E1B9 /* WeatherInteractorType.swift in Sources */ = {isa = PBXBuildFile; fileRef = 93958DE01DE110040089E1B9 /* WeatherInteractorType.swift */; };
		93958DE31DE112910089E1B9 /* WeatherPresenterType.swift in Sources */ = {isa = PBXBuildFile; fileRef = 93958DE21DE112910089E1B9 /* WeatherPresenterType.swift */; };
		93958DE51DE117200089E1B9 /* WeatherPresenter.swift in Sources */ = {isa = PBXBuildFile; fileRef = 93958DE41DE117200089E1B9 /* WeatherPresenter.swift */; };
		93958DE71DE120DE0089E1B9 /* WeatherGatewaySpy.swift in Sources */ = {isa = PBXBuildFile; fileRef = 93958DE61DE120DE0089E1B9 /* WeatherGatewaySpy.swift */; };
		93958DE91DE1210F0089E1B9 /* WeatherGatewayType.swift in Sources */ = {isa = PBXBuildFile; fileRef = 93958DE81DE1210F0089E1B9 /* WeatherGatewayType.swift */; };
		93958DEB1DE122A30089E1B9 /* WeatherGateway.swift in Sources */ = {isa = PBXBuildFile; fileRef = 93958DEA1DE122A30089E1B9 /* WeatherGateway.swift */; };
		93D5F6591DDB4B5B004D4BC5 /* AppDelegate.swift in Sources */ = {isa = PBXBuildFile; fileRef = 93D5F6581DDB4B5B004D4BC5 /* AppDelegate.swift */; };
		93D5F65E1DDB4B5B004D4BC5 /* Main.storyboard in Resources */ = {isa = PBXBuildFile; fileRef = 93D5F65C1DDB4B5B004D4BC5 /* Main.storyboard */; };
		93D5F6601DDB4B5B004D4BC5 /* Assets.xcassets in Resources */ = {isa = PBXBuildFile; fileRef = 93D5F65F1DDB4B5B004D4BC5 /* Assets.xcassets */; };
		93D5F6631DDB4B5B004D4BC5 /* LaunchScreen.storyboard in Resources */ = {isa = PBXBuildFile; fileRef = 93D5F6611DDB4B5B004D4BC5 /* LaunchScreen.storyboard */; };
		93D5F6791DDB4C71004D4BC5 /* WeatherKeys.plist in Resources */ = {isa = PBXBuildFile; fileRef = 93D5F6781DDB4C71004D4BC5 /* WeatherKeys.plist */; };
		93D5F67D1DDB4D66004D4BC5 /* WeatherTableViewController.swift in Sources */ = {isa = PBXBuildFile; fileRef = 93D5F67C1DDB4D66004D4BC5 /* WeatherTableViewController.swift */; };
		93D5F6801DDB4E0A004D4BC5 /* WeatherCell.swift in Sources */ = {isa = PBXBuildFile; fileRef = 93D5F67F1DDB4E0A004D4BC5 /* WeatherCell.swift */; };
/* End PBXBuildFile section */

/* Begin PBXContainerItemProxy section */
		93D5F66A1DDB4B5B004D4BC5 /* PBXContainerItemProxy */ = {
			isa = PBXContainerItemProxy;
			containerPortal = 93D5F64D1DDB4B5B004D4BC5 /* Project object */;
			proxyType = 1;
			remoteGlobalIDString = 93D5F6541DDB4B5B004D4BC5;
			remoteInfo = WeatherKata;
		};
/* End PBXContainerItemProxy section */

/* Begin PBXFileReference section */
		93958DB31DDEF8030089E1B9 /* main.swift */ = {isa = PBXFileReference; fileEncoding = 4; lastKnownFileType = sourcecode.swift; path = main.swift; sourceTree = "<group>"; };
		93958DBB1DDEFEC80089E1B9 /* UIStoryboardExtensionTests.swift */ = {isa = PBXFileReference; fileEncoding = 4; lastKnownFileType = sourcecode.swift; name = UIStoryboardExtensionTests.swift; path = System/UIStoryboardExtensionTests.swift; sourceTree = "<group>"; };
		93958DBD1DDF03800089E1B9 /* Wireframe.swift */ = {isa = PBXFileReference; fileEncoding = 4; lastKnownFileType = sourcecode.swift; name = Wireframe.swift; path = Services/Wireframe.swift; sourceTree = "<group>"; };
		93958DC01DDF039C0089E1B9 /* WireframeTests.swift */ = {isa = PBXFileReference; fileEncoding = 4; lastKnownFileType = sourcecode.swift; name = WireframeTests.swift; path = Services/WireframeTests.swift; sourceTree = "<group>"; };
		93958DC21DDF04590089E1B9 /* UIView+HeaderFooterView.swift */ = {isa = PBXFileReference; fileEncoding = 4; lastKnownFileType = sourcecode.swift; name = "UIView+HeaderFooterView.swift"; path = "System/UIView+HeaderFooterView.swift"; sourceTree = "<group>"; };
		93958DC41DDF04830089E1B9 /* UIStoryboard+Controllers.swift */ = {isa = PBXFileReference; fileEncoding = 4; lastKnownFileType = sourcecode.swift; name = "UIStoryboard+Controllers.swift"; path = "System/UIStoryboard+Controllers.swift"; sourceTree = "<group>"; };
		93958DC61DDF05500089E1B9 /* UIViewExtensionTests.swift */ = {isa = PBXFileReference; fileEncoding = 4; lastKnownFileType = sourcecode.swift; name = UIViewExtensionTests.swift; path = System/UIViewExtensionTests.swift; sourceTree = "<group>"; };
		93958DC81DDF08F80089E1B9 /* UILabel+extension.swift */ = {isa = PBXFileReference; fileEncoding = 4; lastKnownFileType = sourcecode.swift; name = "UILabel+extension.swift"; path = "System/UILabel+extension.swift"; sourceTree = "<group>"; };
		93958DCA1DDF09AA0089E1B9 /* UILabelExtensionTests.swift */ = {isa = PBXFileReference; fileEncoding = 4; lastKnownFileType = sourcecode.swift; name = UILabelExtensionTests.swift; path = System/UILabelExtensionTests.swift; sourceTree = "<group>"; };
		93958DCC1DDF0ACE0089E1B9 /* UIColor+CustomColors.swift */ = {isa = PBXFileReference; fileEncoding = 4; lastKnownFileType = sourcecode.swift; name = "UIColor+CustomColors.swift"; path = "System/UIColor+CustomColors.swift"; sourceTree = "<group>"; };
		93958DCF1DDF17E80089E1B9 /* WeatherTableViewControllerTests.swift */ = {isa = PBXFileReference; fileEncoding = 4; lastKnownFileType = sourcecode.swift; name = WeatherTableViewControllerTests.swift; path = Controllers/WeatherTableViewControllerTests.swift; sourceTree = "<group>"; };
		93958DD11DE04B5F0089E1B9 /* WeatherViewType.swift */ = {isa = PBXFileReference; fileEncoding = 4; lastKnownFileType = sourcecode.swift; name = WeatherViewType.swift; path = Services/WeatherViewType.swift; sourceTree = "<group>"; };
		93958DD31DE04BB50089E1B9 /* WeatherEventHandlerType.swift */ = {isa = PBXFileReference; fileEncoding = 4; lastKnownFileType = sourcecode.swift; name = WeatherEventHandlerType.swift; path = Services/WeatherEventHandlerType.swift; sourceTree = "<group>"; };
		93958DD61DE04E020089E1B9 /* WeatherViewTypeSpy.swift */ = {isa = PBXFileReference; fileEncoding = 4; lastKnownFileType = sourcecode.swift; name = WeatherViewTypeSpy.swift; path = Mocks/WeatherViewTypeSpy.swift; sourceTree = "<group>"; };
		93958DD81DE0FD620089E1B9 /* WeatherInteractor.swift */ = {isa = PBXFileReference; fileEncoding = 4; lastKnownFileType = sourcecode.swift; name = WeatherInteractor.swift; path = Services/WeatherInteractor.swift; sourceTree = "<group>"; };
		93958DDA1DE104CB0089E1B9 /* WeatherInteractorTests.swift */ = {isa = PBXFileReference; fileEncoding = 4; lastKnownFileType = sourcecode.swift; name = WeatherInteractorTests.swift; path = Services/WeatherInteractorTests.swift; sourceTree = "<group>"; };
		93958DDC1DE1070F0089E1B9 /* EventHandlerSpy.swift */ = {isa = PBXFileReference; fileEncoding = 4; lastKnownFileType = sourcecode.swift; name = EventHandlerSpy.swift; path = Mocks/EventHandlerSpy.swift; sourceTree = "<group>"; };
		93958DDE1DE10FDA0089E1B9 /* WeatherInteractorSpy.swift */ = {isa = PBXFileReference; fileEncoding = 4; lastKnownFileType = sourcecode.swift; name = WeatherInteractorSpy.swift; path = Mocks/WeatherInteractorSpy.swift; sourceTree = "<group>"; };
		93958DE01DE110040089E1B9 /* WeatherInteractorType.swift */ = {isa = PBXFileReference; fileEncoding = 4; lastKnownFileType = sourcecode.swift; name = WeatherInteractorType.swift; path = Services/WeatherInteractorType.swift; sourceTree = "<group>"; };
		93958DE21DE112910089E1B9 /* WeatherPresenterType.swift */ = {isa = PBXFileReference; fileEncoding = 4; lastKnownFileType = sourcecode.swift; name = WeatherPresenterType.swift; path = Services/WeatherPresenterType.swift; sourceTree = "<group>"; };
		93958DE41DE117200089E1B9 /* WeatherPresenter.swift */ = {isa = PBXFileReference; fileEncoding = 4; lastKnownFileType = sourcecode.swift; name = WeatherPresenter.swift; path = Services/WeatherPresenter.swift; sourceTree = "<group>"; };
		93958DE61DE120DE0089E1B9 /* WeatherGatewaySpy.swift */ = {isa = PBXFileReference; fileEncoding = 4; lastKnownFileType = sourcecode.swift; name = WeatherGatewaySpy.swift; path = Mocks/WeatherGatewaySpy.swift; sourceTree = "<group>"; };
		93958DE81DE1210F0089E1B9 /* WeatherGatewayType.swift */ = {isa = PBXFileReference; fileEncoding = 4; lastKnownFileType = sourcecode.swift; name = WeatherGatewayType.swift; path = Services/WeatherGatewayType.swift; sourceTree = "<group>"; };
		93958DEA1DE122A30089E1B9 /* WeatherGateway.swift */ = {isa = PBXFileReference; fileEncoding = 4; lastKnownFileType = sourcecode.swift; name = WeatherGateway.swift; path = Services/WeatherGateway.swift; sourceTree = "<group>"; };
		93D5F6551DDB4B5B004D4BC5 /* WeatherKata.app */ = {isa = PBXFileReference; explicitFileType = wrapper.application; includeInIndex = 0; path = WeatherKata.app; sourceTree = BUILT_PRODUCTS_DIR; };
		93D5F6581DDB4B5B004D4BC5 /* AppDelegate.swift */ = {isa = PBXFileReference; lastKnownFileType = sourcecode.swift; path = AppDelegate.swift; sourceTree = "<group>"; };
		93D5F65D1DDB4B5B004D4BC5 /* Base */ = {isa = PBXFileReference; lastKnownFileType = file.storyboard; name = Base; path = Base.lproj/Main.storyboard; sourceTree = "<group>"; };
		93D5F65F1DDB4B5B004D4BC5 /* Assets.xcassets */ = {isa = PBXFileReference; lastKnownFileType = folder.assetcatalog; path = Assets.xcassets; sourceTree = "<group>"; };
		93D5F6621DDB4B5B004D4BC5 /* Base */ = {isa = PBXFileReference; lastKnownFileType = file.storyboard; name = Base; path = Base.lproj/LaunchScreen.storyboard; sourceTree = "<group>"; };
		93D5F6641DDB4B5B004D4BC5 /* Info.plist */ = {isa = PBXFileReference; lastKnownFileType = text.plist.xml; path = Info.plist; sourceTree = "<group>"; };
		93D5F6691DDB4B5B004D4BC5 /* WeatherKataTests.xctest */ = {isa = PBXFileReference; explicitFileType = wrapper.cfbundle; includeInIndex = 0; path = WeatherKataTests.xctest; sourceTree = BUILT_PRODUCTS_DIR; };
		93D5F66F1DDB4B5B004D4BC5 /* Info.plist */ = {isa = PBXFileReference; lastKnownFileType = text.plist.xml; path = Info.plist; sourceTree = "<group>"; };
		93D5F6781DDB4C71004D4BC5 /* WeatherKeys.plist */ = {isa = PBXFileReference; fileEncoding = 4; lastKnownFileType = text.plist.xml; path = WeatherKeys.plist; sourceTree = "<group>"; };
		93D5F67C1DDB4D66004D4BC5 /* WeatherTableViewController.swift */ = {isa = PBXFileReference; fileEncoding = 4; lastKnownFileType = sourcecode.swift; name = WeatherTableViewController.swift; path = Controllers/WeatherTableViewController.swift; sourceTree = "<group>"; };
		93D5F67F1DDB4E0A004D4BC5 /* WeatherCell.swift */ = {isa = PBXFileReference; fileEncoding = 4; lastKnownFileType = sourcecode.swift; name = WeatherCell.swift; path = Controllers/WeatherCell.swift; sourceTree = "<group>"; };
/* End PBXFileReference section */

/* Begin PBXFrameworksBuildPhase section */
		93D5F6521DDB4B5B004D4BC5 /* Frameworks */ = {
			isa = PBXFrameworksBuildPhase;
			buildActionMask = 2147483647;
			files = (
			);
			runOnlyForDeploymentPostprocessing = 0;
		};
		93D5F6661DDB4B5B004D4BC5 /* Frameworks */ = {
			isa = PBXFrameworksBuildPhase;
			buildActionMask = 2147483647;
			files = (
			);
			runOnlyForDeploymentPostprocessing = 0;
		};
/* End PBXFrameworksBuildPhase section */

/* Begin PBXGroup section */
		93958DAE1DDE13630089E1B9 /* Services */ = {
			isa = PBXGroup;
			children = (
				93958DBD1DDF03800089E1B9 /* Wireframe.swift */,
				93D5F6781DDB4C71004D4BC5 /* WeatherKeys.plist */,
				93958DD11DE04B5F0089E1B9 /* WeatherViewType.swift */,
				93958DD31DE04BB50089E1B9 /* WeatherEventHandlerType.swift */,
				93958DD81DE0FD620089E1B9 /* WeatherInteractor.swift */,
				93958DE01DE110040089E1B9 /* WeatherInteractorType.swift */,
				93958DE21DE112910089E1B9 /* WeatherPresenterType.swift */,
				93958DE41DE117200089E1B9 /* WeatherPresenter.swift */,
				93958DE81DE1210F0089E1B9 /* WeatherGatewayType.swift */,
				93958DEA1DE122A30089E1B9 /* WeatherGateway.swift */,
			);
			name = Services;
			sourceTree = "<group>";
		};
		93958DB91DDEFE720089E1B9 /* System */ = {
			isa = PBXGroup;
			children = (
				93958DC41DDF04830089E1B9 /* UIStoryboard+Controllers.swift */,
				93958DC21DDF04590089E1B9 /* UIView+HeaderFooterView.swift */,
				93958DC81DDF08F80089E1B9 /* UILabel+extension.swift */,
				93958DCC1DDF0ACE0089E1B9 /* UIColor+CustomColors.swift */,
			);
			name = System;
			sourceTree = "<group>";
		};
		93958DBA1DDEFEA20089E1B9 /* System */ = {
			isa = PBXGroup;
			children = (
				93958DBB1DDEFEC80089E1B9 /* UIStoryboardExtensionTests.swift */,
				93958DC61DDF05500089E1B9 /* UIViewExtensionTests.swift */,
				93958DCA1DDF09AA0089E1B9 /* UILabelExtensionTests.swift */,
			);
			name = System;
			sourceTree = "<group>";
		};
		93958DBF1DDF038F0089E1B9 /* Services */ = {
			isa = PBXGroup;
			children = (
				93958DC01DDF039C0089E1B9 /* WireframeTests.swift */,
				93958DDA1DE104CB0089E1B9 /* WeatherInteractorTests.swift */,
			);
			name = Services;
			sourceTree = "<group>";
		};
		93958DCE1DDF17BD0089E1B9 /* Controllers */ = {
			isa = PBXGroup;
			children = (
				93958DCF1DDF17E80089E1B9 /* WeatherTableViewControllerTests.swift */,
			);
			name = Controllers;
			sourceTree = "<group>";
		};
		93958DD51DE04DE30089E1B9 /* Mocks */ = {
			isa = PBXGroup;
			children = (
				93958DD61DE04E020089E1B9 /* WeatherViewTypeSpy.swift */,
				93958DDC1DE1070F0089E1B9 /* EventHandlerSpy.swift */,
				93958DDE1DE10FDA0089E1B9 /* WeatherInteractorSpy.swift */,
				93958DE61DE120DE0089E1B9 /* WeatherGatewaySpy.swift */,
			);
			name = Mocks;
			sourceTree = "<group>";
		};
		93D5F64C1DDB4B5B004D4BC5 = {
			isa = PBXGroup;
			children = (
				93D5F6571DDB4B5B004D4BC5 /* WeatherKata */,
				93D5F66C1DDB4B5B004D4BC5 /* WeatherKataTests */,
				93D5F6561DDB4B5B004D4BC5 /* Products */,
			);
			sourceTree = "<group>";
		};
		93D5F6561DDB4B5B004D4BC5 /* Products */ = {
			isa = PBXGroup;
			children = (
				93D5F6551DDB4B5B004D4BC5 /* WeatherKata.app */,
				93D5F6691DDB4B5B004D4BC5 /* WeatherKataTests.xctest */,
			);
			name = Products;
			sourceTree = "<group>";
		};
		93D5F6571DDB4B5B004D4BC5 /* WeatherKata */ = {
			isa = PBXGroup;
			children = (
				93958DB91DDEFE720089E1B9 /* System */,
				93958DAE1DDE13630089E1B9 /* Services */,
				93D5F67B1DDB4CF8004D4BC5 /* Supporting Files */,
				93D5F67A1DDB4CED004D4BC5 /* Views */,
				93D5F67E1DDB4D70004D4BC5 /* Controllers */,
			);
			path = WeatherKata;
			sourceTree = "<group>";
		};
		93D5F66C1DDB4B5B004D4BC5 /* WeatherKataTests */ = {
			isa = PBXGroup;
			children = (
				93958DD51DE04DE30089E1B9 /* Mocks */,
				93958DCE1DDF17BD0089E1B9 /* Controllers */,
				93958DBF1DDF038F0089E1B9 /* Services */,
				93958DBA1DDEFEA20089E1B9 /* System */,
				93D5F66F1DDB4B5B004D4BC5 /* Info.plist */,
			);
			path = WeatherKataTests;
			sourceTree = "<group>";
		};
		93D5F67A1DDB4CED004D4BC5 /* Views */ = {
			isa = PBXGroup;
			children = (
				93D5F65C1DDB4B5B004D4BC5 /* Main.storyboard */,
				93D5F6611DDB4B5B004D4BC5 /* LaunchScreen.storyboard */,
			);
			name = Views;
			sourceTree = "<group>";
		};
		93D5F67B1DDB4CF8004D4BC5 /* Supporting Files */ = {
			isa = PBXGroup;
			children = (
				93D5F6581DDB4B5B004D4BC5 /* AppDelegate.swift */,
				93D5F65F1DDB4B5B004D4BC5 /* Assets.xcassets */,
				93D5F6641DDB4B5B004D4BC5 /* Info.plist */,
				93958DB31DDEF8030089E1B9 /* main.swift */,
			);
			name = "Supporting Files";
			sourceTree = "<group>";
		};
		93D5F67E1DDB4D70004D4BC5 /* Controllers */ = {
			isa = PBXGroup;
			children = (
				93D5F67C1DDB4D66004D4BC5 /* WeatherTableViewController.swift */,
				93D5F67F1DDB4E0A004D4BC5 /* WeatherCell.swift */,
			);
			name = Controllers;
			sourceTree = "<group>";
		};
/* End PBXGroup section */

/* Begin PBXNativeTarget section */
		93D5F6541DDB4B5B004D4BC5 /* WeatherKata */ = {
			isa = PBXNativeTarget;
			buildConfigurationList = 93D5F6721DDB4B5B004D4BC5 /* Build configuration list for PBXNativeTarget "WeatherKata" */;
			buildPhases = (
				93D5F6511DDB4B5B004D4BC5 /* Sources */,
				93D5F6521DDB4B5B004D4BC5 /* Frameworks */,
				93D5F6531DDB4B5B004D4BC5 /* Resources */,
			);
			buildRules = (
			);
			dependencies = (
			);
			name = WeatherKata;
			productName = WeatherKata;
			productReference = 93D5F6551DDB4B5B004D4BC5 /* WeatherKata.app */;
			productType = "com.apple.product-type.application";
		};
		93D5F6681DDB4B5B004D4BC5 /* WeatherKataTests */ = {
			isa = PBXNativeTarget;
			buildConfigurationList = 93D5F6751DDB4B5B004D4BC5 /* Build configuration list for PBXNativeTarget "WeatherKataTests" */;
			buildPhases = (
				93D5F6651DDB4B5B004D4BC5 /* Sources */,
				93D5F6661DDB4B5B004D4BC5 /* Frameworks */,
				93D5F6671DDB4B5B004D4BC5 /* Resources */,
			);
			buildRules = (
			);
			dependencies = (
				93D5F66B1DDB4B5B004D4BC5 /* PBXTargetDependency */,
			);
			name = WeatherKataTests;
			productName = WeatherKataTests;
			productReference = 93D5F6691DDB4B5B004D4BC5 /* WeatherKataTests.xctest */;
			productType = "com.apple.product-type.bundle.unit-test";
		};
/* End PBXNativeTarget section */

/* Begin PBXProject section */
		93D5F64D1DDB4B5B004D4BC5 /* Project object */ = {
			isa = PBXProject;
			attributes = {
				LastSwiftUpdateCheck = 0810;
				LastUpgradeCheck = 0810;
				ORGANIZATIONNAME = "Ana Nogal";
				TargetAttributes = {
					93D5F6541DDB4B5B004D4BC5 = {
						CreatedOnToolsVersion = 8.1;
						DevelopmentTeam = 99S8ZZMSJ5;
						ProvisioningStyle = Automatic;
					};
					93D5F6681DDB4B5B004D4BC5 = {
						CreatedOnToolsVersion = 8.1;
						DevelopmentTeam = 99S8ZZMSJ5;
						LastSwiftMigration = 0810;
						ProvisioningStyle = Automatic;
						TestTargetID = 93D5F6541DDB4B5B004D4BC5;
					};
				};
			};
			buildConfigurationList = 93D5F6501DDB4B5B004D4BC5 /* Build configuration list for PBXProject "WeatherKata" */;
			compatibilityVersion = "Xcode 3.2";
			developmentRegion = English;
			hasScannedForEncodings = 0;
			knownRegions = (
				en,
				Base,
			);
			mainGroup = 93D5F64C1DDB4B5B004D4BC5;
			productRefGroup = 93D5F6561DDB4B5B004D4BC5 /* Products */;
			projectDirPath = "";
			projectRoot = "";
			targets = (
				93D5F6541DDB4B5B004D4BC5 /* WeatherKata */,
				93D5F6681DDB4B5B004D4BC5 /* WeatherKataTests */,
			);
		};
/* End PBXProject section */

/* Begin PBXResourcesBuildPhase section */
		93D5F6531DDB4B5B004D4BC5 /* Resources */ = {
			isa = PBXResourcesBuildPhase;
			buildActionMask = 2147483647;
			files = (
				93D5F6631DDB4B5B004D4BC5 /* LaunchScreen.storyboard in Resources */,
				93D5F6601DDB4B5B004D4BC5 /* Assets.xcassets in Resources */,
				93D5F65E1DDB4B5B004D4BC5 /* Main.storyboard in Resources */,
				93D5F6791DDB4C71004D4BC5 /* WeatherKeys.plist in Resources */,
			);
			runOnlyForDeploymentPostprocessing = 0;
		};
		93D5F6671DDB4B5B004D4BC5 /* Resources */ = {
			isa = PBXResourcesBuildPhase;
			buildActionMask = 2147483647;
			files = (
			);
			runOnlyForDeploymentPostprocessing = 0;
		};
/* End PBXResourcesBuildPhase section */

/* Begin PBXSourcesBuildPhase section */
		93D5F6511DDB4B5B004D4BC5 /* Sources */ = {
			isa = PBXSourcesBuildPhase;
			buildActionMask = 2147483647;
			files = (
				93958DC91DDF08F80089E1B9 /* UILabel+extension.swift in Sources */,
				93958DB41DDEF8030089E1B9 /* main.swift in Sources */,
				93958DEB1DE122A30089E1B9 /* WeatherGateway.swift in Sources */,
				93958DBE1DDF03800089E1B9 /* Wireframe.swift in Sources */,
				93958DE31DE112910089E1B9 /* WeatherPresenterType.swift in Sources */,
				93958DD41DE04BB50089E1B9 /* WeatherEventHandlerType.swift in Sources */,
				93D5F67D1DDB4D66004D4BC5 /* WeatherTableViewController.swift in Sources */,
				93958DE11DE110040089E1B9 /* WeatherInteractorType.swift in Sources */,
				93958DE91DE1210F0089E1B9 /* WeatherGatewayType.swift in Sources */,
				93958DD91DE0FD620089E1B9 /* WeatherInteractor.swift in Sources */,
				93958DCD1DDF0ACE0089E1B9 /* UIColor+CustomColors.swift in Sources */,
				93958DD21DE04B5F0089E1B9 /* WeatherViewType.swift in Sources */,
				93958DE51DE117200089E1B9 /* WeatherPresenter.swift in Sources */,
				93D5F6591DDB4B5B004D4BC5 /* AppDelegate.swift in Sources */,
				93D5F6801DDB4E0A004D4BC5 /* WeatherCell.swift in Sources */,
				93958DC51DDF04830089E1B9 /* UIStoryboard+Controllers.swift in Sources */,
				93958DC31DDF04590089E1B9 /* UIView+HeaderFooterView.swift in Sources */,
			);
			runOnlyForDeploymentPostprocessing = 0;
		};
		93D5F6651DDB4B5B004D4BC5 /* Sources */ = {
			isa = PBXSourcesBuildPhase;
			buildActionMask = 2147483647;
			files = (
				93958DCB1DDF09AA0089E1B9 /* UILabelExtensionTests.swift in Sources */,
				93958DDF1DE10FDA0089E1B9 /* WeatherInteractorSpy.swift in Sources */,
				93958DD01DDF17E80089E1B9 /* WeatherTableViewControllerTests.swift in Sources */,
				93958DD71DE04E020089E1B9 /* WeatherViewTypeSpy.swift in Sources */,
				93958DDB1DE104CB0089E1B9 /* WeatherInteractorTests.swift in Sources */,
				93958DDD1DE1070F0089E1B9 /* EventHandlerSpy.swift in Sources */,
				93958DE71DE120DE0089E1B9 /* WeatherGatewaySpy.swift in Sources */,
				93958DC11DDF039C0089E1B9 /* WireframeTests.swift in Sources */,
				93958DC71DDF05500089E1B9 /* UIViewExtensionTests.swift in Sources */,
				93958DBC1DDEFEC80089E1B9 /* UIStoryboardExtensionTests.swift in Sources */,
			);
			runOnlyForDeploymentPostprocessing = 0;
		};
/* End PBXSourcesBuildPhase section */

/* Begin PBXTargetDependency section */
		93D5F66B1DDB4B5B004D4BC5 /* PBXTargetDependency */ = {
			isa = PBXTargetDependency;
			target = 93D5F6541DDB4B5B004D4BC5 /* WeatherKata */;
			targetProxy = 93D5F66A1DDB4B5B004D4BC5 /* PBXContainerItemProxy */;
		};
/* End PBXTargetDependency section */

/* Begin PBXVariantGroup section */
		93D5F65C1DDB4B5B004D4BC5 /* Main.storyboard */ = {
			isa = PBXVariantGroup;
			children = (
				93D5F65D1DDB4B5B004D4BC5 /* Base */,
			);
			name = Main.storyboard;
			sourceTree = "<group>";
		};
		93D5F6611DDB4B5B004D4BC5 /* LaunchScreen.storyboard */ = {
			isa = PBXVariantGroup;
			children = (
				93D5F6621DDB4B5B004D4BC5 /* Base */,
			);
			name = LaunchScreen.storyboard;
			sourceTree = "<group>";
		};
/* End PBXVariantGroup section */

/* Begin XCBuildConfiguration section */
		93D5F6701DDB4B5B004D4BC5 /* Debug */ = {
			isa = XCBuildConfiguration;
			buildSettings = {
				ALWAYS_SEARCH_USER_PATHS = NO;
				CLANG_ANALYZER_NONNULL = YES;
				CLANG_CXX_LANGUAGE_STANDARD = "gnu++0x";
				CLANG_CXX_LIBRARY = "libc++";
				CLANG_ENABLE_MODULES = YES;
				CLANG_ENABLE_OBJC_ARC = YES;
				CLANG_WARN_BOOL_CONVERSION = YES;
				CLANG_WARN_CONSTANT_CONVERSION = YES;
				CLANG_WARN_DIRECT_OBJC_ISA_USAGE = YES_ERROR;
				CLANG_WARN_DOCUMENTATION_COMMENTS = YES;
				CLANG_WARN_EMPTY_BODY = YES;
				CLANG_WARN_ENUM_CONVERSION = YES;
				CLANG_WARN_INFINITE_RECURSION = YES;
				CLANG_WARN_INT_CONVERSION = YES;
				CLANG_WARN_OBJC_ROOT_CLASS = YES_ERROR;
				CLANG_WARN_SUSPICIOUS_MOVES = YES;
				CLANG_WARN_UNREACHABLE_CODE = YES;
				CLANG_WARN__DUPLICATE_METHOD_MATCH = YES;
				"CODE_SIGN_IDENTITY[sdk=iphoneos*]" = "iPhone Developer";
				COPY_PHASE_STRIP = NO;
				DEBUG_INFORMATION_FORMAT = dwarf;
				ENABLE_STRICT_OBJC_MSGSEND = YES;
				ENABLE_TESTABILITY = YES;
				GCC_C_LANGUAGE_STANDARD = gnu99;
				GCC_DYNAMIC_NO_PIC = NO;
				GCC_NO_COMMON_BLOCKS = YES;
				GCC_OPTIMIZATION_LEVEL = 0;
				GCC_PREPROCESSOR_DEFINITIONS = (
					"DEBUG=1",
					"$(inherited)",
				);
				GCC_WARN_64_TO_32_BIT_CONVERSION = YES;
				GCC_WARN_ABOUT_RETURN_TYPE = YES_ERROR;
				GCC_WARN_UNDECLARED_SELECTOR = YES;
				GCC_WARN_UNINITIALIZED_AUTOS = YES_AGGRESSIVE;
				GCC_WARN_UNUSED_FUNCTION = YES;
				GCC_WARN_UNUSED_VARIABLE = YES;
				IPHONEOS_DEPLOYMENT_TARGET = 10.1;
				MTL_ENABLE_DEBUG_INFO = YES;
				ONLY_ACTIVE_ARCH = YES;
				SDKROOT = iphoneos;
				SWIFT_ACTIVE_COMPILATION_CONDITIONS = DEBUG;
				SWIFT_OPTIMIZATION_LEVEL = "-Onone";
			};
			name = Debug;
		};
		93D5F6711DDB4B5B004D4BC5 /* Release */ = {
			isa = XCBuildConfiguration;
			buildSettings = {
				ALWAYS_SEARCH_USER_PATHS = NO;
				CLANG_ANALYZER_NONNULL = YES;
				CLANG_CXX_LANGUAGE_STANDARD = "gnu++0x";
				CLANG_CXX_LIBRARY = "libc++";
				CLANG_ENABLE_MODULES = YES;
				CLANG_ENABLE_OBJC_ARC = YES;
				CLANG_WARN_BOOL_CONVERSION = YES;
				CLANG_WARN_CONSTANT_CONVERSION = YES;
				CLANG_WARN_DIRECT_OBJC_ISA_USAGE = YES_ERROR;
				CLANG_WARN_DOCUMENTATION_COMMENTS = YES;
				CLANG_WARN_EMPTY_BODY = YES;
				CLANG_WARN_ENUM_CONVERSION = YES;
				CLANG_WARN_INFINITE_RECURSION = YES;
				CLANG_WARN_INT_CONVERSION = YES;
				CLANG_WARN_OBJC_ROOT_CLASS = YES_ERROR;
				CLANG_WARN_SUSPICIOUS_MOVES = YES;
				CLANG_WARN_UNREACHABLE_CODE = YES;
				CLANG_WARN__DUPLICATE_METHOD_MATCH = YES;
				"CODE_SIGN_IDENTITY[sdk=iphoneos*]" = "iPhone Developer";
				COPY_PHASE_STRIP = NO;
				DEBUG_INFORMATION_FORMAT = "dwarf-with-dsym";
				ENABLE_NS_ASSERTIONS = NO;
				ENABLE_STRICT_OBJC_MSGSEND = YES;
				GCC_C_LANGUAGE_STANDARD = gnu99;
				GCC_NO_COMMON_BLOCKS = YES;
				GCC_WARN_64_TO_32_BIT_CONVERSION = YES;
				GCC_WARN_ABOUT_RETURN_TYPE = YES_ERROR;
				GCC_WARN_UNDECLARED_SELECTOR = YES;
				GCC_WARN_UNINITIALIZED_AUTOS = YES_AGGRESSIVE;
				GCC_WARN_UNUSED_FUNCTION = YES;
				GCC_WARN_UNUSED_VARIABLE = YES;
				IPHONEOS_DEPLOYMENT_TARGET = 10.1;
				MTL_ENABLE_DEBUG_INFO = NO;
				SDKROOT = iphoneos;
				SWIFT_OPTIMIZATION_LEVEL = "-Owholemodule";
				VALIDATE_PRODUCT = YES;
			};
			name = Release;
		};
		93D5F6731DDB4B5B004D4BC5 /* Debug */ = {
			isa = XCBuildConfiguration;
			buildSettings = {
				ASSETCATALOG_COMPILER_APPICON_NAME = AppIcon;
				DEVELOPMENT_TEAM = 99S8ZZMSJ5;
				INFOPLIST_FILE = WeatherKata/Info.plist;
				LD_RUNPATH_SEARCH_PATHS = "$(inherited) @executable_path/Frameworks";
				PRODUCT_BUNDLE_IDENTIFIER = com.ananogal.WeatherKata;
				PRODUCT_NAME = "$(TARGET_NAME)";
				SWIFT_VERSION = 3.0;
			};
			name = Debug;
		};
		93D5F6741DDB4B5B004D4BC5 /* Release */ = {
			isa = XCBuildConfiguration;
			buildSettings = {
				ASSETCATALOG_COMPILER_APPICON_NAME = AppIcon;
				DEVELOPMENT_TEAM = 99S8ZZMSJ5;
				INFOPLIST_FILE = WeatherKata/Info.plist;
				LD_RUNPATH_SEARCH_PATHS = "$(inherited) @executable_path/Frameworks";
				PRODUCT_BUNDLE_IDENTIFIER = com.ananogal.WeatherKata;
				PRODUCT_NAME = "$(TARGET_NAME)";
				SWIFT_VERSION = 3.0;
			};
			name = Release;
		};
		93D5F6761DDB4B5B004D4BC5 /* Debug */ = {
			isa = XCBuildConfiguration;
			buildSettings = {
				ALWAYS_EMBED_SWIFT_STANDARD_LIBRARIES = YES;
				BUNDLE_LOADER = "$(TEST_HOST)";
				CLANG_ENABLE_MODULES = YES;
				DEVELOPMENT_TEAM = 99S8ZZMSJ5;
				INFOPLIST_FILE = WeatherKataTests/Info.plist;
				LD_RUNPATH_SEARCH_PATHS = "$(inherited) @executable_path/Frameworks @loader_path/Frameworks";
				PRODUCT_BUNDLE_IDENTIFIER = com.ananogal.WeatherKataTests;
				PRODUCT_NAME = "$(TARGET_NAME)";
				SWIFT_OPTIMIZATION_LEVEL = "-Onone";
				SWIFT_VERSION = 3.0;
				TEST_HOST = "$(BUILT_PRODUCTS_DIR)/WeatherKata.app/WeatherKata";
			};
			name = Debug;
		};
		93D5F6771DDB4B5B004D4BC5 /* Release */ = {
			isa = XCBuildConfiguration;
			buildSettings = {
				ALWAYS_EMBED_SWIFT_STANDARD_LIBRARIES = YES;
				BUNDLE_LOADER = "$(TEST_HOST)";
				CLANG_ENABLE_MODULES = YES;
				DEVELOPMENT_TEAM = 99S8ZZMSJ5;
				INFOPLIST_FILE = WeatherKataTests/Info.plist;
				LD_RUNPATH_SEARCH_PATHS = "$(inherited) @executable_path/Frameworks @loader_path/Frameworks";
				PRODUCT_BUNDLE_IDENTIFIER = com.ananogal.WeatherKataTests;
				PRODUCT_NAME = "$(TARGET_NAME)";
				SWIFT_VERSION = 3.0;
				TEST_HOST = "$(BUILT_PRODUCTS_DIR)/WeatherKata.app/WeatherKata";
			};
			name = Release;
		};
/* End XCBuildConfiguration section */

/* Begin XCConfigurationList section */
		93D5F6501DDB4B5B004D4BC5 /* Build configuration list for PBXProject "WeatherKata" */ = {
			isa = XCConfigurationList;
			buildConfigurations = (
				93D5F6701DDB4B5B004D4BC5 /* Debug */,
				93D5F6711DDB4B5B004D4BC5 /* Release */,
			);
			defaultConfigurationIsVisible = 0;
			defaultConfigurationName = Release;
		};
		93D5F6721DDB4B5B004D4BC5 /* Build configuration list for PBXNativeTarget "WeatherKata" */ = {
			isa = XCConfigurationList;
			buildConfigurations = (
				93D5F6731DDB4B5B004D4BC5 /* Debug */,
				93D5F6741DDB4B5B004D4BC5 /* Release */,
			);
			defaultConfigurationIsVisible = 0;
			defaultConfigurationName = Release;
		};
		93D5F6751DDB4B5B004D4BC5 /* Build configuration list for PBXNativeTarget "WeatherKataTests" */ = {
			isa = XCConfigurationList;
			buildConfigurations = (
				93D5F6761DDB4B5B004D4BC5 /* Debug */,
				93D5F6771DDB4B5B004D4BC5 /* Release */,
			);
			defaultConfigurationIsVisible = 0;
			defaultConfigurationName = Release;
		};
/* End XCConfigurationList section */
	};
	rootObject = 93D5F64D1DDB4B5B004D4BC5 /* Project object */;
}
